
Microsoft Visual Studio Solution File, Format Version 12.00
# Visual Studio 15
VisualStudioVersion = 15.0.27703.2047
MinimumVisualStudioVersion = 10.0.40219.1
Project("{FAE04EC0-301F-11D3-BF4B-00C04F79EFBC}") = "CLIArgumentsParser.Core", "CLIArgumentsParser.Core\CLIArgumentsParser.Core.csproj", "{609DFA0A-63FF-4310-B2B1-24EC18506026}"
EndProject
Project("{FAE04EC0-301F-11D3-BF4B-00C04F79EFBC}") = "CLIArgumentsParser.Tests", "CLIArgumentsParser.Tests\CLIArgumentsParser.Tests.csproj", "{48FFA520-4873-48A6-9C20-7F28E7BA99BC}"
EndProject
Project("{FAE04EC0-301F-11D3-BF4B-00C04F79EFBC}") = "CLIArgumentsParserTestApp", "CLIArgumentsParserTestApp\CLIArgumentsParserTestApp.csproj", "{8D4F608D-F101-4163-91F7-EF2F6D545F2C}"
EndProject
Global
	GlobalSection(SolutionConfigurationPlatforms) = preSolution
		Debug|Any CPU = Debug|Any CPU
		Release|Any CPU = Release|Any CPU
	EndGlobalSection
	GlobalSection(ProjectConfigurationPlatforms) = postSolution
		{609DFA0A-63FF-4310-B2B1-24EC18506026}.Debug|Any CPU.ActiveCfg = Debug|Any CPU
		{609DFA0A-63FF-4310-B2B1-24EC18506026}.Debug|Any CPU.Build.0 = Debug|Any CPU
		{609DFA0A-63FF-4310-B2B1-24EC18506026}.Release|Any CPU.ActiveCfg = Release|Any CPU
		{609DFA0A-63FF-4310-B2B1-24EC18506026}.Release|Any CPU.Build.0 = Release|Any CPU
		{48FFA520-4873-48A6-9C20-7F28E7BA99BC}.Debug|Any CPU.ActiveCfg = Debug|Any CPU
		{48FFA520-4873-48A6-9C20-7F28E7BA99BC}.Debug|Any CPU.Build.0 = Debug|Any CPU
		{48FFA520-4873-48A6-9C20-7F28E7BA99BC}.Release|Any CPU.ActiveCfg = Release|Any CPU
		{48FFA520-4873-48A6-9C20-7F28E7BA99BC}.Release|Any CPU.Build.0 = Release|Any CPU
		{8D4F608D-F101-4163-91F7-EF2F6D545F2C}.Debug|Any CPU.ActiveCfg = Debug|Any CPU
		{8D4F608D-F101-4163-91F7-EF2F6D545F2C}.Debug|Any CPU.Build.0 = Debug|Any CPU
		{8D4F608D-F101-4163-91F7-EF2F6D545F2C}.Release|Any CPU.ActiveCfg = Release|Any CPU
		{8D4F608D-F101-4163-91F7-EF2F6D545F2C}.Release|Any CPU.Build.0 = Release|Any CPU
	EndGlobalSection
	GlobalSection(SolutionProperties) = preSolution
		HideSolutionNode = FALSE
	EndGlobalSection
	GlobalSection(ExtensibilityGlobals) = postSolution
		SolutionGuid = {BA6A91C2-19E8-4B8B-8ED5-714412ECF5AB}
	EndGlobalSection
EndGlobal
